
Microsoft Visual Studio Solution File, Format Version 12.00
Project("{FAE04EC0-301F-11D3-BF4B-00C04F79EFBC}") = "MLM-salesman", "MLM-salesman\MLM-salesman.csproj", "{9F5CD2A9-1725-48A4-A400-5DAB414C03C5}"
EndProject
Global
	GlobalSection(SolutionConfigurationPlatforms) = preSolution
		Debug|Any CPU = Debug|Any CPU
		Release|Any CPU = Release|Any CPU
	EndGlobalSection
	GlobalSection(ProjectConfigurationPlatforms) = postSolution
		{9F5CD2A9-1725-48A4-A400-5DAB414C03C5}.Debug|Any CPU.ActiveCfg = Debug|Any CPU
		{9F5CD2A9-1725-48A4-A400-5DAB414C03C5}.Debug|Any CPU.Build.0 = Debug|Any CPU
		{9F5CD2A9-1725-48A4-A400-5DAB414C03C5}.Release|Any CPU.ActiveCfg = Release|Any CPU
		{9F5CD2A9-1725-48A4-A400-5DAB414C03C5}.Release|Any CPU.Build.0 = Release|Any CPU
	EndGlobalSection
EndGlobal
